
Microsoft Visual Studio Solution File, Format Version 12.00
# Visual Studio 15
Project("{FAE04EC0-301F-11D3-BF4B-00C04F79EFBC}") = "Assembly-CSharp-Editor", "Assembly-CSharp-Editor.csproj", "{F9057C81-BDE9-1E0F-DE9B-2C1FF2F9D26F}"
EndProject
Project("{FAE04EC0-301F-11D3-BF4B-00C04F79EFBC}") = "Assembly-CSharp", "Assembly-CSharp.csproj", "{EDFA7108-E84D-B54D-1811-59C342EE2767}"
EndProject
Global
	GlobalSection(SolutionConfigurationPlatforms) = preSolution
		Debug|Any CPU = Debug|Any CPU
		Release|Any CPU = Release|Any CPU
	EndGlobalSection
	GlobalSection(ProjectConfigurationPlatforms) = postSolution
		{F9057C81-BDE9-1E0F-DE9B-2C1FF2F9D26F}.Debug|Any CPU.ActiveCfg = Debug|Any CPU
		{F9057C81-BDE9-1E0F-DE9B-2C1FF2F9D26F}.Debug|Any CPU.Build.0 = Debug|Any CPU
		{F9057C81-BDE9-1E0F-DE9B-2C1FF2F9D26F}.Release|Any CPU.ActiveCfg = Release|Any CPU
		{F9057C81-BDE9-1E0F-DE9B-2C1FF2F9D26F}.Release|Any CPU.Build.0 = Release|Any CPU
		{EDFA7108-E84D-B54D-1811-59C342EE2767}.Debug|Any CPU.ActiveCfg = Debug|Any CPU
		{EDFA7108-E84D-B54D-1811-59C342EE2767}.Debug|Any CPU.Build.0 = Debug|Any CPU
		{EDFA7108-E84D-B54D-1811-59C342EE2767}.Release|Any CPU.ActiveCfg = Release|Any CPU
		{EDFA7108-E84D-B54D-1811-59C342EE2767}.Release|Any CPU.Build.0 = Release|Any CPU
	EndGlobalSection
	GlobalSection(SolutionProperties) = preSolution
		HideSolutionNode = FALSE
	EndGlobalSection
EndGlobal
